{
  "lockfile_version": "1",
  "packages": {
    "git": {
      "resolved": "github:NixOS/nixpkgs/3e41b24abd260e8f71dbe2f5737d24122f972158#git",
      "source": "nixpkg"
    },
    "github:NixOS/nixpkgs/nixpkgs-unstable": {
      "last_modified": "2026-06-16T10:57:20Z",
      "resolved": "github:NixOS/nixpkgs/3e41b24abd260e8f71dbe2f5737d24122f972158?lastModified=1781607440"
    },
    "nodejs@22": {
      "last_modified": "2026-05-21T08:15:18Z",
      "plugin_version": "0.0.4",
      "resolved": "github:NixOS/nixpkgs/4a29d733e8a7d5b824c3d8c958a946a9867b3eb2#nodejs_22",
      "source": "devbox-search",
      "version": "22.22.3",
      "systems": {
        "aarch64-darwin": {
          "outputs": [
            {
              "name": "out",
              "path": "/nix/store/k1yy2d1h7pvpac7m14vmaw23j529fpza-nodejs-22.22.3",
              "default": true
            }
          ],
          "store_path": "/nix/store/k1yy2d1h7pvpac7m14vmaw23j529fpza-nodejs-22.22.3"
        },
        "aarch64-linux": {
          "outputs": [
            {
              "name": "out",
              "path": "/nix/store/d8zana2n6i904c088i533ivg1j817x8v-nodejs-22.22.3",
              "default": true
            }
          ],
          "store_path": "/nix/store/d8zana2n6i904c088i533ivg1j817x8v-nodejs-22.22.3"
        },
        "x86_64-darwin": {
          "outputs": [
            {
              "name": "out",
              "path": "/nix/store/9yvmgryhhwnswgaji30cpw4m9swhv1ia-nodejs-22.22.3",
              "default": true
            }
          ],
          "store_path": "/nix/store/9yvmgryhhwnswgaji30cpw4m9swhv1ia-nodejs-22.22.3"
        },
        "x86_64-linux": {
          "outputs": [
            {
              "name": "out",
              "path": "/nix/store/ac9bklddx1klg92hj7r08xmpky1nwag2-nodejs-22.22.3",
              "default": true
            }
          ],
          "store_path": "/nix/store/ac9bklddx1klg92hj7r08xmpky1nwag2-nodejs-22.22.3"
        }
      }
    },
    "python@3.12": {
      "last_modified": "2026-05-21T08:15:18Z",
      "plugin_version": "0.0.5",
      "resolved": "github:NixOS/nixpkgs/4a29d733e8a7d5b824c3d8c958a946a9867b3eb2#python312",
      "source": "devbox-search",
      "version": "3.12.13",
      "systems": {
        "aarch64-darwin": {
          "outputs": [
            {
              "name": "out",
              "path": "/nix/store/p1b85dd3syy1yx8q039m1c6v2x2l4w0a-python3-3.12.13",
              "default": true
            }
          ],
          "store_path": "/nix/store/p1b85dd3syy1yx8q039m1c6v2x2l4w0a-python3-3.12.13"
        },
        "aarch64-linux": {
          "outputs": [
            {
              "name": "out",
              "path": "/nix/store/hvmbr5s05b0kzalrdvk53k1nvms9fws7-python3-3.12.13",
              "default": true
            },
            {
              "name": "debug",
              "path": "/nix/store/59b6ynipns38i2d974mwpvkzgyldhw0y-python3-3.12.13-debug"
            }
          ],
          "store_path": "/nix/store/hvmbr5s05b0kzalrdvk53k1nvms9fws7-python3-3.12.13"
        },
        "x86_64-darwin": {
          "outputs": [
            {
              "name": "out",
              "path": "/nix/store/zsi2pspagafyx1mi64g6mbf2aj2dxmci-python3-3.12.13",
              "default": true
            }
          ],
          "store_path": "/nix/store/zsi2pspagafyx1mi64g6mbf2aj2dxmci-python3-3.12.13"
        },
        "x86_64-linux": {
          "outputs": [
            {
              "name": "out",
              "path": "/nix/store/lpgczl8hqnjlkicsphcylqfgds7dqc13-python3-3.12.13",
              "default": true
            },
            {
              "name": "debug",
              "path": "/nix/store/3vpaljklkxfb4kpzigwci6ls78a2wbw1-python3-3.12.13-debug"
            }
          ],
          "store_path": "/nix/store/lpgczl8hqnjlkicsphcylqfgds7dqc13-python3-3.12.13"
        }
      }
    }
  }
}
