beautifulsoup4==4.6.0
bleach==2.1.3
cached-property==1.4.2
certifi==2018.4.16
chardet==3.0.4
Django==1.11.12
django-apptemplates==1.4
django-cas-ng==3.5.9
django-contrib-comments==1.8.0
django-grappelli==2.11.1
filebrowser-safe==0.4.7
future==0.16.0
grappelli-safe==0.4.7
html5lib==1.0.1
idna==2.6
kazoo==2.2.1
ldap3==2.5
Mezzanine==4.2.3
mysqlclient==1.3.12
oauthlib==2.0.7
Pairtree==0.8.1
Pillow==5.1.0
progressbar2==3.37.1
pucas==0.5.2
pyasn1==0.4.2
pymarc==3.1.8
python-cas==1.2.0
python-utils==2.3.0
pytz==2018.4
requests==2.18.4
requests-oauthlib==0.8.0
six==1.11.0
SolrClient==0.2.1
tzlocal==1.5.1
urllib3==1.22
webencodings==0.5.1
